
Microsoft Visual Studio Solution File, Format Version 12.00
# Visual Studio Version 16
VisualStudioVersion = 16.0.30406.217
MinimumVisualStudioVersion = 10.0.40219.1
Project("{FAE04EC0-301F-11D3-BF4B-00C04F79EFBC}") = "WindowsFormsApp", "WindowsFormsApp\WindowsFormsApp.csproj", "{02B6F8DD-B1BF-40DA-A986-4B7DC1A6C6A7}"
EndProject
Project("{FAE04EC0-301F-11D3-BF4B-00C04F79EFBC}") = "Dominio", "Dominio\Dominio.csproj", "{298D01CC-2729-404C-9073-D708C9A4CF94}"
EndProject
Project("{FAE04EC0-301F-11D3-BF4B-00C04F79EFBC}") = "Negocio", "Negocio\Negocio.csproj", "{C08836DF-E689-4C65-B070-D0A32897F407}"
EndProject
Global
	GlobalSection(SolutionConfigurationPlatforms) = preSolution
		Debug|Any CPU = Debug|Any CPU
		Release|Any CPU = Release|Any CPU
	EndGlobalSection
	GlobalSection(ProjectConfigurationPlatforms) = postSolution
		{02B6F8DD-B1BF-40DA-A986-4B7DC1A6C6A7}.Debug|Any CPU.ActiveCfg = Debug|Any CPU
		{02B6F8DD-B1BF-40DA-A986-4B7DC1A6C6A7}.Debug|Any CPU.Build.0 = Debug|Any CPU
		{02B6F8DD-B1BF-40DA-A986-4B7DC1A6C6A7}.Release|Any CPU.ActiveCfg = Release|Any CPU
		{02B6F8DD-B1BF-40DA-A986-4B7DC1A6C6A7}.Release|Any CPU.Build.0 = Release|Any CPU
		{298D01CC-2729-404C-9073-D708C9A4CF94}.Debug|Any CPU.ActiveCfg = Debug|Any CPU
		{298D01CC-2729-404C-9073-D708C9A4CF94}.Debug|Any CPU.Build.0 = Debug|Any CPU
		{298D01CC-2729-404C-9073-D708C9A4CF94}.Release|Any CPU.ActiveCfg = Release|Any CPU
		{298D01CC-2729-404C-9073-D708C9A4CF94}.Release|Any CPU.Build.0 = Release|Any CPU
		{C08836DF-E689-4C65-B070-D0A32897F407}.Debug|Any CPU.ActiveCfg = Debug|Any CPU
		{C08836DF-E689-4C65-B070-D0A32897F407}.Debug|Any CPU.Build.0 = Debug|Any CPU
		{C08836DF-E689-4C65-B070-D0A32897F407}.Release|Any CPU.ActiveCfg = Release|Any CPU
		{C08836DF-E689-4C65-B070-D0A32897F407}.Release|Any CPU.Build.0 = Release|Any CPU
	EndGlobalSection
	GlobalSection(SolutionProperties) = preSolution
		HideSolutionNode = FALSE
	EndGlobalSection
	GlobalSection(ExtensibilityGlobals) = postSolution
		SolutionGuid = {A44BF136-BC3A-4C41-AD35-452B1091D333}
	EndGlobalSection
EndGlobal
